# This file is automatically @generated by Cargo.
# It is not intended for manual editing.
version = 4

[[package]]
name = "find_cuda_helper"
version = "0.2.0"
source = "registry+https://github.com/rust-lang/crates.io-index"
checksum = "f9f9e65c593dd01ac77daad909ea4ad17f0d6d1776193fc8ea766356177abdad"
dependencies = [
 "glob",
]

[[package]]
name = "glob"
version = "0.3.3"
source = "registry+https://github.com/rust-lang/crates.io-index"
checksum = "0cc23270f6e1808e30a928bdc84dea0b9b4136a8bc82338574f23baf47bbd280"

[[package]]
name = "test_cuda_detect"
version = "0.1.0"
dependencies = [
 "find_cuda_helper",
]
